
Microsoft Visual Studio Solution File, Format Version 12.00
# Visual Studio 15
VisualStudioVersion = 15.0.27703.2026
MinimumVisualStudioVersion = 10.0.40219.1
Project("{FAE04EC0-301F-11D3-BF4B-00C04F79EFBC}") = "Katas.PrimeFactors", "Katas.PrimeFactors\Katas.PrimeFactors.csproj", "{C0129FF2-0D19-4BF3-A518-D9AE1A1C2269}"
EndProject
Project("{FAE04EC0-301F-11D3-BF4B-00C04F79EFBC}") = "Katas.FizzBuzz", "Katas.FizzBuzz\Katas.FizzBuzz.csproj", "{BA15D6D4-86AA-4CDE-8F0E-740D78C6E7C2}"
EndProject
Project("{FAE04EC0-301F-11D3-BF4B-00C04F79EFBC}") = "Katas.Diamond", "Katas.Diamond\Katas.Diamond.csproj", "{DE626264-3D15-4890-94E5-A735188F0369}"
EndProject
Global
	GlobalSection(SolutionConfigurationPlatforms) = preSolution
		Debug|Any CPU = Debug|Any CPU
		Release|Any CPU = Release|Any CPU
	EndGlobalSection
	GlobalSection(ProjectConfigurationPlatforms) = postSolution
		{C0129FF2-0D19-4BF3-A518-D9AE1A1C2269}.Debug|Any CPU.ActiveCfg = Debug|Any CPU
		{C0129FF2-0D19-4BF3-A518-D9AE1A1C2269}.Debug|Any CPU.Build.0 = Debug|Any CPU
		{C0129FF2-0D19-4BF3-A518-D9AE1A1C2269}.Release|Any CPU.ActiveCfg = Release|Any CPU
		{C0129FF2-0D19-4BF3-A518-D9AE1A1C2269}.Release|Any CPU.Build.0 = Release|Any CPU
		{BA15D6D4-86AA-4CDE-8F0E-740D78C6E7C2}.Debug|Any CPU.ActiveCfg = Debug|Any CPU
		{BA15D6D4-86AA-4CDE-8F0E-740D78C6E7C2}.Debug|Any CPU.Build.0 = Debug|Any CPU
		{BA15D6D4-86AA-4CDE-8F0E-740D78C6E7C2}.Release|Any CPU.ActiveCfg = Release|Any CPU
		{BA15D6D4-86AA-4CDE-8F0E-740D78C6E7C2}.Release|Any CPU.Build.0 = Release|Any CPU
		{DE626264-3D15-4890-94E5-A735188F0369}.Debug|Any CPU.ActiveCfg = Debug|Any CPU
		{DE626264-3D15-4890-94E5-A735188F0369}.Debug|Any CPU.Build.0 = Debug|Any CPU
		{DE626264-3D15-4890-94E5-A735188F0369}.Release|Any CPU.ActiveCfg = Release|Any CPU
		{DE626264-3D15-4890-94E5-A735188F0369}.Release|Any CPU.Build.0 = Release|Any CPU
	EndGlobalSection
	GlobalSection(SolutionProperties) = preSolution
		HideSolutionNode = FALSE
	EndGlobalSection
	GlobalSection(ExtensibilityGlobals) = postSolution
		SolutionGuid = {A377CB57-173C-4988-B165-DC8B6EACE4EB}
	EndGlobalSection
EndGlobal
